
Microsoft Visual Studio Solution File, Format Version 12.00
# Visual Studio Version 16
VisualStudioVersion = 16.0.30907.101
MinimumVisualStudioVersion = 10.0.40219.1
Project("{FAE04EC0-301F-11D3-BF4B-00C04F79EFBC}") = "RabbitMQ.Producer", "RabbitMQ.Producer\RabbitMQ.Producer.csproj", "{6B6EB3C8-F7C0-47A6-96BC-5C99DC43F3C8}"
EndProject
Global
	GlobalSection(SolutionConfigurationPlatforms) = preSolution
		Debug|Any CPU = Debug|Any CPU
		Release|Any CPU = Release|Any CPU
	EndGlobalSection
	GlobalSection(ProjectConfigurationPlatforms) = postSolution
		{6B6EB3C8-F7C0-47A6-96BC-5C99DC43F3C8}.Debug|Any CPU.ActiveCfg = Debug|Any CPU
		{6B6EB3C8-F7C0-47A6-96BC-5C99DC43F3C8}.Debug|Any CPU.Build.0 = Debug|Any CPU
		{6B6EB3C8-F7C0-47A6-96BC-5C99DC43F3C8}.Release|Any CPU.ActiveCfg = Release|Any CPU
		{6B6EB3C8-F7C0-47A6-96BC-5C99DC43F3C8}.Release|Any CPU.Build.0 = Release|Any CPU
	EndGlobalSection
	GlobalSection(SolutionProperties) = preSolution
		HideSolutionNode = FALSE
	EndGlobalSection
	GlobalSection(ExtensibilityGlobals) = postSolution
		SolutionGuid = {10FE9690-CFA1-419D-B8C6-6B4E8798CF01}
	EndGlobalSection
EndGlobal
